// !$*UTF8*$!
{
  archiveVersion = 1;
  classes = {};
  objectVersion = 55;
  objects = {

/* Begin PBXBuildFile section */
    0CC07EE6BD4045DDAE821661FA6666E4 /* AppDelegate.swift in Sources */ = {isa = PBXBuildFile; fileRef = 9B993A0AF20C45B9BFF02576573C7A4D /* AppDelegate.swift */; };
    77EE2F6323744EB4AF1E26772BAA8DF7 /* Assets.xcassets in Resources */ = {isa = PBXBuildFile; fileRef = DB20D9050486454BA6F1464F12F231D1 /* Assets.xcassets */; };
    4AB0C8F71A2346C8B30B5E02 /* StatusClient.swift in Sources */ = {isa = PBXBuildFile; fileRef = D6F8C39D6E9C4E14A5D0E2D9 /* StatusClient.swift */; };
    B21ACD2F315B40E38B7B6A6E /* StatusClientTests.swift in Sources */ = {isa = PBXBuildFile; fileRef = 4EAD688B5AC2497F99047482 /* StatusClientTests.swift */; };
    3C5A9DCC93AC47D2A548BBF1F8E26370 /* LaunchAgentManager.swift in Sources */ = {isa = PBXBuildFile; fileRef = 6F4338ED4FF54C8F9A7491F083790C23 /* LaunchAgentManager.swift */; };
    5D748F4BE7C9450EAD7714010E8AA9F8 /* io.llamapool.worker.plist.template in Resources */ = {isa = PBXBuildFile; fileRef = 911230C1E6D64B889FDC9BC0A8E368F2 /* io.llamapool.worker.plist.template */; };
    A1B2C3D4E5F60708A9B0C1D2 /* WorkerConfig.swift in Sources */ = {isa = PBXBuildFile; fileRef = B1C2D3E4F5A60708B9C0D1E2 /* WorkerConfig.swift */; };
    C3D4E5F60708A9B0C1D2E3F4 /* ConfigManager.swift in Sources */ = {isa = PBXBuildFile; fileRef = D4E5F60708A9B0C1D2E3F4A5 /* ConfigManager.swift */; };
    D5E6F708A9B0C1D2E3F4A5B6 /* PreferencesWindowController.swift in Sources */ = {isa = PBXBuildFile; fileRef = E5F708A9B0C1D2E3F4A5B6C7 /* PreferencesWindowController.swift */; };
    F6A7B8C9D0E1F2A3B4C5D6E7 /* ConfigTests.swift in Sources */ = {isa = PBXBuildFile; fileRef = A7B8C9D0E1F2A3B4C5D6E7F8 /* ConfigTests.swift */; };
/* End PBXBuildFile section */

/* Begin PBXFileReference section */
    E9B117E139B24CC89E7EDB0E95964914 /* llamapool.app */ = {isa = PBXFileReference; explicitFileType = wrapper.application; includeInIndex = 0; path = llamapool.app; sourceTree = BUILT_PRODUCTS_DIR; };
    9B993A0AF20C45B9BFF02576573C7A4D /* AppDelegate.swift */ = {isa = PBXFileReference; lastKnownFileType = sourcecode.swift; path = AppDelegate.swift; sourceTree = "<group>"; };
    DB20D9050486454BA6F1464F12F231D1 /* Assets.xcassets */ = {isa = PBXFileReference; lastKnownFileType = folder.assetcatalog; path = Assets.xcassets; sourceTree = "<group>"; };
    24B6B6BC5ECD4E9CA7C7F7E8086B9FA5 /* Info.plist */ = {isa = PBXFileReference; lastKnownFileType = text.plist.xml; path = Info.plist; sourceTree = "<group>"; };
    D6F8C39D6E9C4E14A5D0E2D9 /* StatusClient.swift */ = {isa = PBXFileReference; lastKnownFileType = sourcecode.swift; path = StatusClient.swift; sourceTree = "<group>"; };
    4EAD688B5AC2497F99047482 /* StatusClientTests.swift */ = {isa = PBXFileReference; lastKnownFileType = sourcecode.swift; path = StatusClientTests.swift; sourceTree = "<group>"; };
    9FDC5B0B495D4A6C8C96F2E9 /* llamapoolTests.xctest */ = {isa = PBXFileReference; explicitFileType = wrapper.cfbundle; includeInIndex = 0; path = llamapoolTests.xctest; sourceTree = BUILT_PRODUCTS_DIR; };
    6F4338ED4FF54C8F9A7491F083790C23 /* LaunchAgentManager.swift */ = {isa = PBXFileReference; lastKnownFileType = sourcecode.swift; path = LaunchAgentManager.swift; sourceTree = "<group>"; };
    911230C1E6D64B889FDC9BC0A8E368F2 /* io.llamapool.worker.plist.template */ = {isa = PBXFileReference; lastKnownFileType = text.plist.xml; path = io.llamapool.worker.plist.template; sourceTree = "<group>"; };
    B1C2D3E4F5A60708B9C0D1E2 /* WorkerConfig.swift */ = {isa = PBXFileReference; lastKnownFileType = sourcecode.swift; path = WorkerConfig.swift; sourceTree = "<group>"; };
    D4E5F60708A9B0C1D2E3F4A5 /* ConfigManager.swift */ = {isa = PBXFileReference; lastKnownFileType = sourcecode.swift; path = ConfigManager.swift; sourceTree = "<group>"; };
    E5F708A9B0C1D2E3F4A5B6C7 /* PreferencesWindowController.swift */ = {isa = PBXFileReference; lastKnownFileType = sourcecode.swift; path = PreferencesWindowController.swift; sourceTree = "<group>"; };
    A7B8C9D0E1F2A3B4C5D6E7F8 /* ConfigTests.swift */ = {isa = PBXFileReference; lastKnownFileType = sourcecode.swift; path = ConfigTests.swift; sourceTree = "<group>"; };
/* End PBXFileReference section */

/* Begin PBXFrameworksBuildPhase section */
    0A44A43592684603805C437737106041 /* Frameworks */ = {isa = PBXFrameworksBuildPhase; buildActionMask = 2147483647; files = (); runOnlyForDeploymentPostprocessing = 0; };
    AA1F75C905AB4286842F4F6B /* Frameworks */ = {isa = PBXFrameworksBuildPhase; buildActionMask = 2147483647; files = (); runOnlyForDeploymentPostprocessing = 0; };
/* End PBXFrameworksBuildPhase section */

/* Begin PBXGroup section */
    C4AF78D32CA148FD840522B16CD390C5 = {
      isa = PBXGroup;
      children = (
        141EB2E1593C4112932B0389AB5F9296,
        B6510F4A0DAF4274A96E1F24 /* llamapoolTests */,
        44CFCA963667432983C404F9C521016F,
      );
      sourceTree = "<group>";
    };
    141EB2E1593C4112932B0389AB5F9296 = {
      isa = PBXGroup;
      children = (
        9B993A0AF20C45B9BFF02576573C7A4D /* AppDelegate.swift */,
        6F4338ED4FF54C8F9A7491F083790C23 /* LaunchAgentManager.swift */,
        D6F8C39D6E9C4E14A5D0E2D9 /* StatusClient.swift */,
        B1C2D3E4F5A60708B9C0D1E2 /* WorkerConfig.swift */,
        D4E5F60708A9B0C1D2E3F4A5 /* ConfigManager.swift */,
        E5F708A9B0C1D2E3F4A5B6C7 /* PreferencesWindowController.swift */,
        DB20D9050486454BA6F1464F12F231D1 /* Assets.xcassets */,
        24B6B6BC5ECD4E9CA7C7F7E8086B9FA5 /* Info.plist */,
        B3A7F042CB5C4B0891846F5A8C13A01F /* Resources */,
      );
      path = llamapool;
      sourceTree = "<group>";
    };
    B3A7F042CB5C4B0891846F5A8C13A01F /* Resources */ = {
      isa = PBXGroup;
      children = (
        911230C1E6D64B889FDC9BC0A8E368F2 /* io.llamapool.worker.plist.template */,
      );
      path = Resources;
      sourceTree = "<group>";
    };
    B6510F4A0DAF4274A96E1F24 /* llamapoolTests */ = {
      isa = PBXGroup;
      children = (
        4EAD688B5AC2497F99047482 /* StatusClientTests.swift */,
        A7B8C9D0E1F2A3B4C5D6E7F8 /* ConfigTests.swift */,
      );
      path = llamapoolTests;
      sourceTree = "<group>";
    };
    44CFCA963667432983C404F9C521016F /* Products */ = {
      isa = PBXGroup;
      children = (
        E9B117E139B24CC89E7EDB0E95964914 /* llamapool.app */,
        9FDC5B0B495D4A6C8C96F2E9 /* llamapoolTests.xctest */,
      );
      name = Products;
      sourceTree = "<group>";
    };
/* End PBXGroup section */

/* Begin PBXNativeTarget section */
    7E40A3A7183646E390A7675E6A480D3A /* llamapool */ = {
      isa = PBXNativeTarget;
      buildConfigurationList = C7B568CE9BB341ADBBBA73E0E8F9FA73 /* Build configuration list for PBXNativeTarget "llamapool" */;
      buildPhases = (
        37CB0AE7999D42FA885AD32F59A81DF4 /* Sources */,
        0A44A43592684603805C437737106041 /* Frameworks */,
        2BBDB0A8DF1244A2BB0BC766F82EC1CD /* Resources */,
      );
      buildRules = (
      );
      dependencies = (
      );
      name = llamapool;
      productName = llamapool;
      productReference = E9B117E139B24CC89E7EDB0E95964914 /* llamapool.app */;
      productType = "com.apple.product-type.application";
    };
    EBE90F3B7CBB4F6FA4A5E2D1 /* llamapoolTests */ = {
      isa = PBXNativeTarget;
      buildConfigurationList = 5A0F1C1F6DA7414E8C992243 /* Build configuration list for PBXNativeTarget "llamapoolTests" */;
      buildPhases = (
        0C7D3CF2E5B745708FA8A6F0 /* Sources */,
        AA1F75C905AB4286842F4F6B /* Frameworks */,
      );
      buildRules = (
      );
      dependencies = (
        D4816C4E23E8424E8AF97B64 /* PBXTargetDependency */,
      );
      name = llamapoolTests;
      productName = llamapoolTests;
      productReference = 9FDC5B0B495D4A6C8C96F2E9 /* llamapoolTests.xctest */;
      productType = "com.apple.product-type.bundle.unit-test";
    };
/* End PBXNativeTarget section */

/* Begin PBXTargetDependency section */
    D4816C4E23E8424E8AF97B64 /* PBXTargetDependency */ = {isa = PBXTargetDependency; target = 7E40A3A7183646E390A7675E6A480D3A /* llamapool */; targetProxy = A3F276C72E8149D3A868DE32 /* PBXContainerItemProxy */; };
/* End PBXTargetDependency section */

/* Begin PBXContainerItemProxy section */
    A3F276C72E8149D3A868DE32 /* PBXContainerItemProxy */ = {isa = PBXContainerItemProxy; containerPortal = EFA3DD98CD7E44A39AE163AC1EE87901 /* Project object */; proxyType = 1; remoteGlobalIDString = 7E40A3A7183646E390A7675E6A480D3A; remoteInfo = llamapool; };
/* End PBXContainerItemProxy section */

/* Begin PBXProject section */
    EFA3DD98CD7E44A39AE163AC1EE87901 /* Project object */ = {
      isa = PBXProject;
      attributes = {
        LastSwiftUpdateCheck = 1430;
        LastUpgradeCheck = 1430;
        TargetAttributes = {
          7E40A3A7183646E390A7675E6A480D3A = {
            CreatedOnToolsVersion = 14.3.0;
          };
          EBE90F3B7CBB4F6FA4A5E2D1 = {
            CreatedOnToolsVersion = 14.3.0;
          };
        };
      };
      buildConfigurationList = A7403101D9BC406791D60A9DD5DA68C4 /* Build configuration list for PBXProject "llamapool" */;
      compatibilityVersion = "Xcode 14.0";
      developmentRegion = en;
      hasScannedForEncodings = 0;
      knownRegions = (
        en,
      );
      mainGroup = C4AF78D32CA148FD840522B16CD390C5;
      productRefGroup = 44CFCA963667432983C404F9C521016F /* Products */;
      projectDirPath = "";
      projectRoot = "";
      targets = (
        7E40A3A7183646E390A7675E6A480D3A /* llamapool */,
        EBE90F3B7CBB4F6FA4A5E2D1 /* llamapoolTests */,
      );
    };
/* End PBXProject section */

/* Begin PBXResourcesBuildPhase section */
    2BBDB0A8DF1244A2BB0BC766F82EC1CD /* Resources */ = {
      isa = PBXResourcesBuildPhase;
      buildActionMask = 2147483647;
      files = (
        77EE2F6323744EB4AF1E26772BAA8DF7 /* Assets.xcassets in Resources */,
        5D748F4BE7C9450EAD7714010E8AA9F8 /* io.llamapool.worker.plist.template in Resources */,
      );
      runOnlyForDeploymentPostprocessing = 0;
    };
/* End PBXResourcesBuildPhase section */

/* Begin PBXSourcesBuildPhase section */
    37CB0AE7999D42FA885AD32F59A81DF4 /* Sources */ = {
      isa = PBXSourcesBuildPhase;
      buildActionMask = 2147483647;
      files = (
        0CC07EE6BD4045DDAE821661FA6666E4 /* AppDelegate.swift in Sources */,
        4AB0C8F71A2346C8B30B5E02 /* StatusClient.swift in Sources */,
        3C5A9DCC93AC47D2A548BBF1F8E26370 /* LaunchAgentManager.swift in Sources */,
        A1B2C3D4E5F60708A9B0C1D2 /* WorkerConfig.swift in Sources */,
        C3D4E5F60708A9B0C1D2E3F4 /* ConfigManager.swift in Sources */,
        D5E6F708A9B0C1D2E3F4A5B6 /* PreferencesWindowController.swift in Sources */,
      );
      runOnlyForDeploymentPostprocessing = 0;
    };
    0C7D3CF2E5B745708FA8A6F0 /* Sources */ = {
      isa = PBXSourcesBuildPhase;
      buildActionMask = 2147483647;
      files = (
        B21ACD2F315B40E38B7B6A6E /* StatusClientTests.swift in Sources */,
        F6A7B8C9D0E1F2A3B4C5D6E7 /* ConfigTests.swift in Sources */,
      );
      runOnlyForDeploymentPostprocessing = 0;
    };
/* End PBXSourcesBuildPhase section */

/* Begin XCBuildConfiguration section */
    D9CBDBA712C2439483B0194F53AD3372 /* Debug */ = {
      isa = XCBuildConfiguration;
      buildSettings = {
        INFOPLIST_FILE = llamapool/Info.plist;
        LD_RUNPATH_SEARCH_PATHS = "$(inherited) @executable_path/../Frameworks";
        MACOSX_DEPLOYMENT_TARGET = 12.0;
        PRODUCT_BUNDLE_IDENTIFIER = io.llamapool.menubar;
        PRODUCT_NAME = "$(TARGET_NAME)";
        SWIFT_VERSION = 5.0;
      };
      name = Debug;
    };
    ECD3E064191B426EAC726FEBF5103A6B /* Release */ = {
      isa = XCBuildConfiguration;
      buildSettings = {
        INFOPLIST_FILE = llamapool/Info.plist;
        LD_RUNPATH_SEARCH_PATHS = "$(inherited) @executable_path/../Frameworks";
        MACOSX_DEPLOYMENT_TARGET = 12.0;
        PRODUCT_BUNDLE_IDENTIFIER = io.llamapool.menubar;
        PRODUCT_NAME = "$(TARGET_NAME)";
        SWIFT_VERSION = 5.0;
      };
      name = Release;
    };
    8928F6627FB749B593B2DD95BD265C64 /* Debug */ = {
      isa = XCBuildConfiguration;
      buildSettings = {
      };
      name = Debug;
    };
    6A1B8C797FA241B392CFED847DC7F7A6 /* Release */ = {
      isa = XCBuildConfiguration;
      buildSettings = {
      };
      name = Release;
    };
    9A15E67F3AD24A879EE39C77 /* Debug */ = {
      isa = XCBuildConfiguration;
      buildSettings = {
        BUNDLE_LOADER = "$(TEST_HOST)";
        GENERATE_INFOPLIST_FILE = YES;
        LD_RUNPATH_SEARCH_PATHS = "$(inherited) @executable_path/../Frameworks @loader_path/../Frameworks";
        PRODUCT_BUNDLE_IDENTIFIER = io.llamapool.menubarTests;
        SWIFT_VERSION = 5.0;
        TEST_HOST = "$(BUILT_PRODUCTS_DIR)/llamapool.app/Contents/MacOS/llamapool";
      };
      name = Debug;
    };
    A88E8E394F9C49E3B2B0CF2D /* Release */ = {
      isa = XCBuildConfiguration;
      buildSettings = {
        BUNDLE_LOADER = "$(TEST_HOST)";
        GENERATE_INFOPLIST_FILE = YES;
        LD_RUNPATH_SEARCH_PATHS = "$(inherited) @executable_path/../Frameworks @loader_path/../Frameworks";
        PRODUCT_BUNDLE_IDENTIFIER = io.llamapool.menubarTests;
        SWIFT_VERSION = 5.0;
        TEST_HOST = "$(BUILT_PRODUCTS_DIR)/llamapool.app/Contents/MacOS/llamapool";
      };
      name = Release;
    };
/* End XCBuildConfiguration section */

/* Begin XCConfigurationList section */
    C7B568CE9BB341ADBBBA73E0E8F9FA73 /* Build configuration list for PBXNativeTarget "llamapool" */ = {
      isa = XCConfigurationList;
      buildConfigurations = (
        D9CBDBA712C2439483B0194F53AD3372 /* Debug */,
        ECD3E064191B426EAC726FEBF5103A6B /* Release */,
      );
      defaultConfigurationIsVisible = 0;
      defaultConfigurationName = Release;
    };
    A7403101D9BC406791D60A9DD5DA68C4 /* Build configuration list for PBXProject "llamapool" */ = {
      isa = XCConfigurationList;
      buildConfigurations = (
        8928F6627FB749B593B2DD95BD265C64 /* Debug */,
        6A1B8C797FA241B392CFED847DC7F7A6 /* Release */,
      );
      defaultConfigurationIsVisible = 0;
      defaultConfigurationName = Release;
    };
    5A0F1C1F6DA7414E8C992243 /* Build configuration list for PBXNativeTarget "llamapoolTests" */ = {
      isa = XCConfigurationList;
      buildConfigurations = (
        9A15E67F3AD24A879EE39C77 /* Debug */,
        A88E8E394F9C49E3B2B0CF2D /* Release */,
      );
      defaultConfigurationIsVisible = 0;
      defaultConfigurationName = Release;
    };
/* End XCConfigurationList section */

  };
  rootObject = EFA3DD98CD7E44A39AE163AC1EE87901 /* Project object */;
}
